
Microsoft Visual Studio Solution File, Format Version 12.00
# Visual Studio Version 16
VisualStudioVersion = 16.0.30225.117
MinimumVisualStudioVersion = 10.0.40219.1
Project("{FAE04EC0-301F-11D3-BF4B-00C04F79EFBC}") = "CrazyThreading", "CrazyThreading\CrazyThreading.csproj", "{65B0118A-6764-43F0-8575-8F05763DA159}"
EndProject
Global
	GlobalSection(SolutionConfigurationPlatforms) = preSolution
		Debug|Any CPU = Debug|Any CPU
		Release|Any CPU = Release|Any CPU
	EndGlobalSection
	GlobalSection(ProjectConfigurationPlatforms) = postSolution
		{65B0118A-6764-43F0-8575-8F05763DA159}.Debug|Any CPU.ActiveCfg = Debug|Any CPU
		{65B0118A-6764-43F0-8575-8F05763DA159}.Debug|Any CPU.Build.0 = Debug|Any CPU
		{65B0118A-6764-43F0-8575-8F05763DA159}.Release|Any CPU.ActiveCfg = Release|Any CPU
		{65B0118A-6764-43F0-8575-8F05763DA159}.Release|Any CPU.Build.0 = Release|Any CPU
	EndGlobalSection
	GlobalSection(SolutionProperties) = preSolution
		HideSolutionNode = FALSE
	EndGlobalSection
	GlobalSection(ExtensibilityGlobals) = postSolution
		SolutionGuid = {704C5850-1888-4F01-A69B-B72E7B42D0F0}
	EndGlobalSection
EndGlobal
